
Microsoft Visual Studio Solution File, Format Version 12.00
# Visual Studio Version 17
VisualStudioVersion = 17.0.31919.166
MinimumVisualStudioVersion = 10.0.40219.1
Project("{FAE04EC0-301F-11D3-BF4B-00C04F79EFBC}") = "Aula07", "Aula07\Aula07.csproj", "{9498F590-8B7B-4DB3-A101-92FBEEF46B51}"
EndProject
Global
	GlobalSection(SolutionConfigurationPlatforms) = preSolution
		Debug|Any CPU = Debug|Any CPU
		Release|Any CPU = Release|Any CPU
	EndGlobalSection
	GlobalSection(ProjectConfigurationPlatforms) = postSolution
		{9498F590-8B7B-4DB3-A101-92FBEEF46B51}.Debug|Any CPU.ActiveCfg = Debug|Any CPU
		{9498F590-8B7B-4DB3-A101-92FBEEF46B51}.Debug|Any CPU.Build.0 = Debug|Any CPU
		{9498F590-8B7B-4DB3-A101-92FBEEF46B51}.Release|Any CPU.ActiveCfg = Release|Any CPU
		{9498F590-8B7B-4DB3-A101-92FBEEF46B51}.Release|Any CPU.Build.0 = Release|Any CPU
	EndGlobalSection
	GlobalSection(SolutionProperties) = preSolution
		HideSolutionNode = FALSE
	EndGlobalSection
	GlobalSection(ExtensibilityGlobals) = postSolution
		SolutionGuid = {8722EC42-AF8C-4A91-8A02-E9624C7ACA3A}
	EndGlobalSection
EndGlobal
