
Microsoft Visual Studio Solution File, Format Version 12.00
# Visual Studio Version 17
VisualStudioVersion = 17.0.31919.166
MinimumVisualStudioVersion = 10.0.40219.1
Project("{FAE04EC0-301F-11D3-BF4B-00C04F79EFBC}") = "EJOGOS", "EJOGOS\EJOGOS.csproj", "{D76499B5-EF21-4F0B-AFED-B4DFE0335C9C}"
EndProject
Global
	GlobalSection(SolutionConfigurationPlatforms) = preSolution
		Debug|Any CPU = Debug|Any CPU
		Release|Any CPU = Release|Any CPU
	EndGlobalSection
	GlobalSection(ProjectConfigurationPlatforms) = postSolution
		{D76499B5-EF21-4F0B-AFED-B4DFE0335C9C}.Debug|Any CPU.ActiveCfg = Debug|Any CPU
		{D76499B5-EF21-4F0B-AFED-B4DFE0335C9C}.Debug|Any CPU.Build.0 = Debug|Any CPU
		{D76499B5-EF21-4F0B-AFED-B4DFE0335C9C}.Release|Any CPU.ActiveCfg = Release|Any CPU
		{D76499B5-EF21-4F0B-AFED-B4DFE0335C9C}.Release|Any CPU.Build.0 = Release|Any CPU
	EndGlobalSection
	GlobalSection(SolutionProperties) = preSolution
		HideSolutionNode = FALSE
	EndGlobalSection
	GlobalSection(ExtensibilityGlobals) = postSolution
		SolutionGuid = {F7EFF08F-0AAE-4452-9D81-14740FDE34A8}
	EndGlobalSection
EndGlobal
