
Microsoft Visual Studio Solution File, Format Version 12.00
# Visual Studio Version 17
VisualStudioVersion = 17.0.31919.166
MinimumVisualStudioVersion = 10.0.40219.1
Project("{FAE04EC0-301F-11D3-BF4B-00C04F79EFBC}") = "Aula01", "Aula01\Aula01.csproj", "{2DD5366C-A1E3-4AEF-A74A-00D7536689B4}"
EndProject
Global
	GlobalSection(SolutionConfigurationPlatforms) = preSolution
		Debug|Any CPU = Debug|Any CPU
		Release|Any CPU = Release|Any CPU
	EndGlobalSection
	GlobalSection(ProjectConfigurationPlatforms) = postSolution
		{2DD5366C-A1E3-4AEF-A74A-00D7536689B4}.Debug|Any CPU.ActiveCfg = Debug|Any CPU
		{2DD5366C-A1E3-4AEF-A74A-00D7536689B4}.Debug|Any CPU.Build.0 = Debug|Any CPU
		{2DD5366C-A1E3-4AEF-A74A-00D7536689B4}.Release|Any CPU.ActiveCfg = Release|Any CPU
		{2DD5366C-A1E3-4AEF-A74A-00D7536689B4}.Release|Any CPU.Build.0 = Release|Any CPU
	EndGlobalSection
	GlobalSection(SolutionProperties) = preSolution
		HideSolutionNode = FALSE
	EndGlobalSection
	GlobalSection(ExtensibilityGlobals) = postSolution
		SolutionGuid = {E50EADD4-C774-4E90-9891-21B7C63DCF17}
	EndGlobalSection
EndGlobal
