
Microsoft Visual Studio Solution File, Format Version 12.00
# Visual Studio Version 17
VisualStudioVersion = 17.0.31919.166
MinimumVisualStudioVersion = 10.0.40219.1
Project("{FAE04EC0-301F-11D3-BF4B-00C04F79EFBC}") = "Aula04", "Aula04\Aula04.csproj", "{11CC3BA7-1C8B-46F3-B933-C83E3CC08B4A}"
EndProject
Global
	GlobalSection(SolutionConfigurationPlatforms) = preSolution
		Debug|Any CPU = Debug|Any CPU
		Release|Any CPU = Release|Any CPU
	EndGlobalSection
	GlobalSection(ProjectConfigurationPlatforms) = postSolution
		{11CC3BA7-1C8B-46F3-B933-C83E3CC08B4A}.Debug|Any CPU.ActiveCfg = Debug|Any CPU
		{11CC3BA7-1C8B-46F3-B933-C83E3CC08B4A}.Debug|Any CPU.Build.0 = Debug|Any CPU
		{11CC3BA7-1C8B-46F3-B933-C83E3CC08B4A}.Release|Any CPU.ActiveCfg = Release|Any CPU
		{11CC3BA7-1C8B-46F3-B933-C83E3CC08B4A}.Release|Any CPU.Build.0 = Release|Any CPU
	EndGlobalSection
	GlobalSection(SolutionProperties) = preSolution
		HideSolutionNode = FALSE
	EndGlobalSection
	GlobalSection(ExtensibilityGlobals) = postSolution
		SolutionGuid = {7ECFF1F5-94F0-4E6A-B909-D5F7D90136A7}
	EndGlobalSection
EndGlobal
